
Microsoft Visual Studio Solution File, Format Version 12.00
# Visual Studio Version 17
VisualStudioVersion = 17.3.32819.101
MinimumVisualStudioVersion = 10.0.40219.1
Project("{9A19103F-16F7-4668-BE54-9A1E7A4F7556}") = "Chapter-2-Studio", "Chapter-2-Studio.csproj", "{A2E5302E-8A74-403C-9F68-090FC0EF015A}"
EndProject
Global
	GlobalSection(SolutionConfigurationPlatforms) = preSolution
		Debug|Any CPU = Debug|Any CPU
		Release|Any CPU = Release|Any CPU
	EndGlobalSection
	GlobalSection(ProjectConfigurationPlatforms) = postSolution
		{A2E5302E-8A74-403C-9F68-090FC0EF015A}.Debug|Any CPU.ActiveCfg = Debug|Any CPU
		{A2E5302E-8A74-403C-9F68-090FC0EF015A}.Debug|Any CPU.Build.0 = Debug|Any CPU
		{A2E5302E-8A74-403C-9F68-090FC0EF015A}.Release|Any CPU.ActiveCfg = Release|Any CPU
		{A2E5302E-8A74-403C-9F68-090FC0EF015A}.Release|Any CPU.Build.0 = Release|Any CPU
	EndGlobalSection
	GlobalSection(SolutionProperties) = preSolution
		HideSolutionNode = FALSE
	EndGlobalSection
	GlobalSection(ExtensibilityGlobals) = postSolution
		SolutionGuid = {513DA41D-FE65-40C3-A43A-D2777CB25D54}
	EndGlobalSection
EndGlobal
